
Microsoft Visual Studio Solution File, Format Version 12.00
# Visual Studio 15
VisualStudioVersion = 15.0.28010.2036
MinimumVisualStudioVersion = 10.0.40219.1
Project("{FAE04EC0-301F-11D3-BF4B-00C04F79EFBC}") = "Bookstore", "Bookstore\Bookstore.csproj", "{A66E1065-2A6D-481E-8D83-02E338AF199B}"
EndProject
Global
	GlobalSection(SolutionConfigurationPlatforms) = preSolution
		Debug|Any CPU = Debug|Any CPU
		Release|Any CPU = Release|Any CPU
	EndGlobalSection
	GlobalSection(ProjectConfigurationPlatforms) = postSolution
		{A66E1065-2A6D-481E-8D83-02E338AF199B}.Debug|Any CPU.ActiveCfg = Debug|Any CPU
		{A66E1065-2A6D-481E-8D83-02E338AF199B}.Debug|Any CPU.Build.0 = Debug|Any CPU
		{A66E1065-2A6D-481E-8D83-02E338AF199B}.Release|Any CPU.ActiveCfg = Release|Any CPU
		{A66E1065-2A6D-481E-8D83-02E338AF199B}.Release|Any CPU.Build.0 = Release|Any CPU
	EndGlobalSection
	GlobalSection(SolutionProperties) = preSolution
		HideSolutionNode = FALSE
	EndGlobalSection
	GlobalSection(ExtensibilityGlobals) = postSolution
		SolutionGuid = {539F5A29-3029-46C4-8976-9DA81164F846}
	EndGlobalSection
EndGlobal
